{
  "name": "dmplayer",
  "lockfileVersion": 3,
  "requires": true,
  "packages": {
    "": {
      "dependencies": {
        "shaka": "^3.0.1",
        "shaka-player": "^4.9.4"
      }
    },
    "node_modules/eme-encryption-scheme-polyfill": {
      "version": "2.1.5",
      "resolved": "https://registry.npmjs.org/eme-encryption-scheme-polyfill/-/eme-encryption-scheme-polyfill-2.1.5.tgz",
      "integrity": "sha512-z9BKXV4TCYjmar0wiZLObZ0J8HE13VIg7Zq/iyPWdbEfROtxVXEJalknWKtBR5XNezzy15/zWS964TGbcAWlPg=="
    },
    "node_modules/shaka": {
      "version": "3.0.1",
      "resolved": "https://registry.npmjs.org/shaka/-/shaka-3.0.1.tgz",
      "integrity": "sha512-oHzR2QJFUqB3rquO5t+AEUp2Lnq+6LzLrg8pgoHMSgUUegZW+BDKqPN8Vhcl8gAw4QX4rx++mjsuJdmBUO5RZg==",
      "bin": {
        "shaka": "bin/app.js"
      }
    },
    "node_modules/shaka-player": {
      "version": "4.9.4",
      "resolved": "https://registry.npmjs.org/shaka-player/-/shaka-player-4.9.4.tgz",
      "integrity": "sha512-MpJkcb1+zmUxZjFpblIdTw8ukSfmLmuC4lIV6HJO0bCwk+sVkKwyXrg8HwNe3t6XvjJp78GtkIXZcwMNwyBmxw==",
      "dependencies": {
        "eme-encryption-scheme-polyfill": "^2.1.5"
      },
      "engines": {
        "node": ">=14"
      }
    }
  }
}
